<?xml version="1.0" encoding="utf-8"?>
<Project ToolsVersion="4.0" xmlns="http://schemas.microsoft.com/developer/msbuild/2003">
  <ItemGroup>
    <Filter Include="dependency">
      <UniqueIdentifier>{5579b1f3-58e5-4cba-b19a-9c8f6a7992d5}</UniqueIdentifier>
    </Filter>
    <Filter Include="dependency\zlib">
      <UniqueIdentifier>{014c7814-ebe0-443e-bdf1-0e07fe0508f6}</UniqueIdentifier>
    </Filter>
    <Filter Include="dependency\intl">
      <UniqueIdentifier>{2fc9bc1d-cd0d-4c0e-a6ff-d26d53d52434}</UniqueIdentifier>
    </Filter>
    <Filter Include="emulator">
      <UniqueIdentifier>{c2433565-2b13-4ecf-b339-7235036746eb}</UniqueIdentifier>
    </Filter>
    <Filter Include="emulator\plugin">
      <UniqueIdentifier>{448d8456-285d-42c5-ae9f-cce2d71cc855}</UniqueIdentifier>
    </Filter>
    <Filter Include="emulator\patch">
      <UniqueIdentifier>{7adf9e2e-d92b-4b5f-8db1-5399fe98bacf}</UniqueIdentifier>
    </Filter>
    <Filter Include="emulator\gui">
      <UniqueIdentifier>{86fc40af-6bfa-43ae-8648-bac5191a5ce1}</UniqueIdentifier>
    </Filter>
    <Filter Include="emulator\gui\cheat">
      <UniqueIdentifier>{8cd1b81a-d4f0-4c67-8cfd-7b49959bd77e}</UniqueIdentifier>
    </Filter>
    <Filter Include="emulator\debug">
      <UniqueIdentifier>{41b12d9d-8b86-41b7-a2cf-24af9551dbe5}</UniqueIdentifier>
    </Filter>
    <Filter Include="emulator\socket">
      <UniqueIdentifier>{38c59797-e37b-4618-95bc-db410bbb5e45}</UniqueIdentifier>
    </Filter>
    <Filter Include="emulator\resource">
      <UniqueIdentifier>{662f1300-8860-419d-92b6-a3f37c5be379}</UniqueIdentifier>
    </Filter>
    <Filter Include="psx">
      <UniqueIdentifier>{e35531c4-6cfd-4898-8546-c1b949808b60}</UniqueIdentifier>
    </Filter>
    <Filter Include="psx\bios">
      <UniqueIdentifier>{155e892f-9c1a-4db2-ab43-93ec65d0e230}</UniqueIdentifier>
    </Filter>
    <Filter Include="psx\cdr">
      <UniqueIdentifier>{59e1c9cf-e32c-4870-af46-48aa790d1bb2}</UniqueIdentifier>
    </Filter>
    <Filter Include="psx\cpu">
      <UniqueIdentifier>{67a3d86e-65f8-4490-ae58-39255b79fcef}</UniqueIdentifier>
    </Filter>
    <Filter Include="psx\gpu">
      <UniqueIdentifier>{bb67a30e-7a28-4149-bf07-86e6cf0a66bb}</UniqueIdentifier>
    </Filter>
    <Filter Include="psx\gte">
      <UniqueIdentifier>{68d3b98f-4c23-4955-975b-18da6b599d8a}</UniqueIdentifier>
    </Filter>
    <Filter Include="psx\mdec">
      <UniqueIdentifier>{019017a1-5a72-4263-97d0-4d9c99621155}</UniqueIdentifier>
    </Filter>
    <Filter Include="psx\memory">
      <UniqueIdentifier>{a4a08252-eef6-4199-af8a-f095c8ba66fa}</UniqueIdentifier>
    </Filter>
    <Filter Include="psx\others">
      <UniqueIdentifier>{df4cbb84-3017-4e9d-a615-2499091580eb}</UniqueIdentifier>
    </Filter>
    <Filter Include="psx\spu">
      <UniqueIdentifier>{a6f0e6b9-c313-4c98-977c-eafbc981e149}</UniqueIdentifier>
    </Filter>
    <Filter Include="emulator\glue">
      <UniqueIdentifier>{d3639188-eb44-4961-9d3c-fd2189b4c22f}</UniqueIdentifier>
    </Filter>
    <Filter Include="emulator\glue\sys">
      <UniqueIdentifier>{b78acda2-160b-446b-be41-2048d552068d}</UniqueIdentifier>
    </Filter>
  </ItemGroup>
  <ItemGroup>
    <ClCompile Include="intl\bindtextdom.c">
      <Filter>dependency\intl</Filter>
    </ClCompile>
    <ClCompile Include="intl\dcgettext.c">
      <Filter>dependency\intl</Filter>
    </ClCompile>
    <ClCompile Include="intl\dgettext.c">
      <Filter>dependency\intl</Filter>
    </ClCompile>
    <ClCompile Include="intl\explodename.c">
      <Filter>dependency\intl</Filter>
    </ClCompile>
    <ClCompile Include="intl\finddomain.c">
      <Filter>dependency\intl</Filter>
    </ClCompile>
    <ClCompile Include="intl\gettext.c">
      <Filter>dependency\intl</Filter>
    </ClCompile>
    <ClCompile Include="intl\intl-compat.c">
      <Filter>dependency\intl</Filter>
    </ClCompile>
    <ClCompile Include="intl\l10nflist.c">
      <Filter>dependency\intl</Filter>
    </ClCompile>
    <ClCompile Include="intl\loadmsgcat.c">
      <Filter>dependency\intl</Filter>
    </ClCompile>
    <ClCompile Include="intl\localealias.c">
      <Filter>dependency\intl</Filter>
    </ClCompile>
    <ClCompile Include="intl\textdomain.c">
      <Filter>dependency\intl</Filter>
    </ClCompile>
    <ClCompile Include="zlib\adler32.c">
      <Filter>dependency\zlib</Filter>
    </ClCompile>
    <ClCompile Include="zlib\compress.c">
      <Filter>dependency\zlib</Filter>
    </ClCompile>
    <ClCompile Include="zlib\crc32.c">
      <Filter>dependency\zlib</Filter>
    </ClCompile>
    <ClCompile Include="zlib\deflate.c">
      <Filter>dependency\zlib</Filter>
    </ClCompile>
    <ClCompile Include="zlib\gzio.c">
      <Filter>dependency\zlib</Filter>
    </ClCompile>
    <ClCompile Include="zlib\infblock.c">
      <Filter>dependency\zlib</Filter>
    </ClCompile>
    <ClCompile Include="zlib\infcodes.c">
      <Filter>dependency\zlib</Filter>
    </ClCompile>
    <ClCompile Include="zlib\inffast.c">
      <Filter>dependency\zlib</Filter>
    </ClCompile>
    <ClCompile Include="zlib\inflate.c">
      <Filter>dependency\zlib</Filter>
    </ClCompile>
    <ClCompile Include="zlib\inftrees.c">
      <Filter>dependency\zlib</Filter>
    </ClCompile>
    <ClCompile Include="zlib\infutil.c">
      <Filter>dependency\zlib</Filter>
    </ClCompile>
    <ClCompile Include="zlib\trees.c">
      <Filter>dependency\zlib</Filter>
    </ClCompile>
    <ClCompile Include="zlib\uncompr.c">
      <Filter>dependency\zlib</Filter>
    </ClCompile>
    <ClCompile Include="zlib\zutil.c">
      <Filter>dependency\zlib</Filter>
    </ClCompile>
    <ClCompile Include="gui\WndMain.cpp">
      <Filter>emulator\gui</Filter>
    </ClCompile>
    <ClCompile Include="gui\AboutDlg.cpp">
      <Filter>emulator\gui</Filter>
    </ClCompile>
    <ClCompile Include="..\libpcsxcore\psxbios.cpp">
      <Filter>psx\bios</Filter>
    </ClCompile>
    <ClCompile Include="..\libpcsxcore\cdriso.cpp">
      <Filter>psx\cdr</Filter>
    </ClCompile>
    <ClCompile Include="..\libpcsxcore\cdrom.cpp">
      <Filter>psx\cdr</Filter>
    </ClCompile>
    <ClCompile Include="..\libpcsxcore\misc.cpp">
      <Filter>psx\cdr</Filter>
    </ClCompile>
    <ClCompile Include="..\libpcsxcore\disr3000a.cpp">
      <Filter>psx\cpu</Filter>
    </ClCompile>
    <ClCompile Include="..\libpcsxcore\ix86\iR3000A.cpp">
      <Filter>psx\cpu</Filter>
    </ClCompile>
    <ClCompile Include="..\libpcsxcore\ix86\ix86.cpp">
      <Filter>psx\cpu</Filter>
    </ClCompile>
    <ClCompile Include="..\libpcsxcore\psxinterpreter.cpp">
      <Filter>psx\cpu</Filter>
    </ClCompile>
    <ClCompile Include="..\libpcsxcore\r3000a.cpp">
      <Filter>psx\cpu</Filter>
    </ClCompile>
    <ClCompile Include="..\libpcsxcore\gpu.cpp">
      <Filter>psx\gpu</Filter>
    </ClCompile>
    <ClCompile Include="..\libpcsxcore\gte.cpp">
      <Filter>psx\gte</Filter>
    </ClCompile>
    <ClCompile Include="..\libpcsxcore\psxdma.cpp">
      <Filter>psx\memory</Filter>
    </ClCompile>
    <ClCompile Include="..\libpcsxcore\psxhw.cpp">
      <Filter>psx\memory</Filter>
    </ClCompile>
    <ClCompile Include="..\libpcsxcore\psxmem.cpp">
      <Filter>psx\memory</Filter>
    </ClCompile>
    <ClCompile Include="..\libpcsxcore\sio.cpp">
      <Filter>psx\memory</Filter>
    </ClCompile>
    <ClCompile Include="..\libpcsxcore\psxhle.cpp">
      <Filter>psx\others</Filter>
    </ClCompile>
    <ClCompile Include="..\libpcsxcore\ppf.cpp">
      <Filter>emulator\patch</Filter>
    </ClCompile>
    <ClCompile Include="..\libpcsxcore\decode_xa.cpp">
      <Filter>psx\spu</Filter>
    </ClCompile>
    <ClCompile Include="..\libpcsxcore\spu.cpp">
      <Filter>psx\spu</Filter>
    </ClCompile>
    <ClCompile Include="..\libpcsxcore\cheat.cpp">
      <Filter>emulator\gui\cheat</Filter>
    </ClCompile>
    <ClCompile Include="gui\CheatDlg.cpp">
      <Filter>emulator\gui\cheat</Filter>
    </ClCompile>
    <ClCompile Include="..\libpcsxcore\plugins.cpp">
      <Filter>emulator\plugin</Filter>
    </ClCompile>
    <ClCompile Include="..\libpcsxcore\mdec.cpp">
      <Filter>psx\mdec</Filter>
    </ClCompile>
    <ClCompile Include="..\libpcsxcore\psxcommon.cpp">
      <Filter>psx</Filter>
    </ClCompile>
    <ClCompile Include="..\libpcsxcore\debug.cpp">
      <Filter>emulator\debug</Filter>
    </ClCompile>
    <ClCompile Include="gui\plugin.cpp">
      <Filter>emulator\gui</Filter>
    </ClCompile>
    <ClCompile Include="gui\ConfigurePlugins.cpp">
      <Filter>emulator\gui</Filter>
    </ClCompile>
    <ClCompile Include="..\libpcsxcore\socket.cpp">
      <Filter>emulator\socket</Filter>
    </ClCompile>
    <ClCompile Include="..\libpcsxcore\psxcounters.cpp">
      <Filter>psx\cpu</Filter>
    </ClCompile>
  </ItemGroup>
  <ItemGroup>
    <ClInclude Include="gui\AboutDlg.h">
      <Filter>emulator\gui</Filter>
    </ClInclude>
    <ClInclude Include="gui\Win32.h">
      <Filter>emulator\gui</Filter>
    </ClInclude>
    <ClInclude Include="glue\stdint.h">
      <Filter>emulator\glue</Filter>
    </ClInclude>
    <ClInclude Include="glue\sys\mman.h">
      <Filter>emulator\glue\sys</Filter>
    </ClInclude>
    <ClInclude Include="intl\gettext.h">
      <Filter>dependency\intl</Filter>
    </ClInclude>
    <ClInclude Include="intl\gettextP.h">
      <Filter>dependency\intl</Filter>
    </ClInclude>
    <ClInclude Include="intl\hash-string.h">
      <Filter>dependency\intl</Filter>
    </ClInclude>
    <ClInclude Include="intl\intlconfig.h">
      <Filter>dependency\intl</Filter>
    </ClInclude>
    <ClInclude Include="intl\libgettext.h">
      <Filter>dependency\intl</Filter>
    </ClInclude>
    <ClInclude Include="intl\libintl.h">
      <Filter>dependency\intl</Filter>
    </ClInclude>
    <ClInclude Include="intl\loadinfo.h">
      <Filter>dependency\intl</Filter>
    </ClInclude>
    <ClInclude Include="zlib\deflate.h">
      <Filter>dependency\zlib</Filter>
    </ClInclude>
    <ClInclude Include="zlib\infblock.h">
      <Filter>dependency\zlib</Filter>
    </ClInclude>
    <ClInclude Include="zlib\infcodes.h">
      <Filter>dependency\zlib</Filter>
    </ClInclude>
    <ClInclude Include="zlib\inffast.h">
      <Filter>dependency\zlib</Filter>
    </ClInclude>
    <ClInclude Include="zlib\inffixed.h">
      <Filter>dependency\zlib</Filter>
    </ClInclude>
    <ClInclude Include="zlib\inftrees.h">
      <Filter>dependency\zlib</Filter>
    </ClInclude>
    <ClInclude Include="zlib\infutil.h">
      <Filter>dependency\zlib</Filter>
    </ClInclude>
    <ClInclude Include="zlib\trees.h">
      <Filter>dependency\zlib</Filter>
    </ClInclude>
    <ClInclude Include="zlib\zconf.h">
      <Filter>dependency\zlib</Filter>
    </ClInclude>
    <ClInclude Include="zlib\zlib.h">
      <Filter>dependency\zlib</Filter>
    </ClInclude>
    <ClInclude Include="zlib\zutil.h">
      <Filter>dependency\zlib</Filter>
    </ClInclude>
    <ClInclude Include="..\libpcsxcore\psxbios.h">
      <Filter>psx\bios</Filter>
    </ClInclude>
    <ClInclude Include="config.h">
      <Filter>emulator\glue</Filter>
    </ClInclude>
    <ClInclude Include="resource.h">
      <Filter>emulator\resource</Filter>
    </ClInclude>
    <ClInclude Include="..\libpcsxcore\cdriso.h">
      <Filter>psx\cdr</Filter>
    </ClInclude>
    <ClInclude Include="..\libpcsxcore\cdrom.h">
      <Filter>psx\cdr</Filter>
    </ClInclude>
    <ClInclude Include="..\libpcsxcore\misc.h">
      <Filter>psx\cdr</Filter>
    </ClInclude>
    <ClInclude Include="..\libpcsxcore\ix86\iGte.h">
      <Filter>psx\cpu</Filter>
    </ClInclude>
    <ClInclude Include="..\libpcsxcore\ix86\iR3000A.h">
      <Filter>psx\cpu</Filter>
    </ClInclude>
    <ClInclude Include="..\libpcsxcore\ix86\ix86.h">
      <Filter>psx\cpu</Filter>
    </ClInclude>
    <ClInclude Include="..\libpcsxcore\psxinterpreter.h">
      <Filter>psx\cpu</Filter>
    </ClInclude>
    <ClInclude Include="..\libpcsxcore\r3000a.h">
      <Filter>psx\cpu</Filter>
    </ClInclude>
    <ClInclude Include="..\libpcsxcore\gpu.h">
      <Filter>psx\gpu</Filter>
    </ClInclude>
    <ClInclude Include="..\libpcsxcore\gte.h">
      <Filter>psx\gte</Filter>
    </ClInclude>
    <ClInclude Include="..\libpcsxcore\psxdma.h">
      <Filter>psx\memory</Filter>
    </ClInclude>
    <ClInclude Include="..\libpcsxcore\psxhw.h">
      <Filter>psx\memory</Filter>
    </ClInclude>
    <ClInclude Include="..\libpcsxcore\psxmem.h">
      <Filter>psx\memory</Filter>
    </ClInclude>
    <ClInclude Include="..\libpcsxcore\sio.h">
      <Filter>psx\memory</Filter>
    </ClInclude>
    <ClInclude Include="..\libpcsxcore\coff.h">
      <Filter>psx\others</Filter>
    </ClInclude>
    <ClInclude Include="..\libpcsxcore\psemu_plugin_defs.h">
      <Filter>psx\others</Filter>
    </ClInclude>
    <ClInclude Include="..\libpcsxcore\psxhle.h">
      <Filter>psx\others</Filter>
    </ClInclude>
    <ClInclude Include="..\libpcsxcore\sjisfont.h">
      <Filter>psx\others</Filter>
    </ClInclude>
    <ClInclude Include="..\libpcsxcore\system.h">
      <Filter>psx\others</Filter>
    </ClInclude>
    <ClInclude Include="..\libpcsxcore\ppf.h">
      <Filter>emulator\patch</Filter>
    </ClInclude>
    <ClInclude Include="..\libpcsxcore\decode_xa.h">
      <Filter>psx\spu</Filter>
    </ClInclude>
    <ClInclude Include="..\libpcsxcore\spu.h">
      <Filter>psx\spu</Filter>
    </ClInclude>
    <ClInclude Include="..\libpcsxcore\cheat.h">
      <Filter>emulator\gui\cheat</Filter>
    </ClInclude>
    <ClInclude Include="..\libpcsxcore\plugins.h">
      <Filter>emulator\plugin</Filter>
    </ClInclude>
    <ClInclude Include="..\libpcsxcore\mdec.h">
      <Filter>psx\mdec</Filter>
    </ClInclude>
    <ClInclude Include="..\libpcsxcore\psxcommon.h">
      <Filter>psx</Filter>
    </ClInclude>
    <ClInclude Include="..\libpcsxcore\debug.h">
      <Filter>emulator\debug</Filter>
    </ClInclude>
    <ClInclude Include="gui\plugin.h">
      <Filter>emulator\gui</Filter>
    </ClInclude>
    <ClInclude Include="..\libpcsxcore\socket.h">
      <Filter>emulator\socket</Filter>
    </ClInclude>
    <ClInclude Include="..\libpcsxcore\psxcounters.h">
      <Filter>psx\cpu</Filter>
    </ClInclude>
    <ClInclude Include="gui\NoPic.h">
      <Filter>emulator\resource</Filter>
    </ClInclude>
  </ItemGroup>
  <ItemGroup>
    <None Include="gui\about.bmp">
      <Filter>emulator\resource</Filter>
    </None>
    <None Include="gui\pcsxr.bmp">
      <Filter>emulator\resource</Filter>
    </None>
    <None Include="gui\pcsxr.ico">
      <Filter>emulator\resource</Filter>
    </None>
  </ItemGroup>
  <ItemGroup>
    <ResourceCompile Include="pcsxr.rc">
      <Filter>emulator\resource</Filter>
    </ResourceCompile>
  </ItemGroup>
  <ItemGroup>
    <Manifest Include="gui\pcsxr.exe.manifest">
      <Filter>emulator</Filter>
    </Manifest>
  </ItemGroup>
</Project>